
Microsoft Visual Studio Solution File, Format Version 12.00
# Visual Studio Version 17
VisualStudioVersion = 17.3.32819.101
MinimumVisualStudioVersion = 10.0.40219.1
Project("{8BC9CEB8-8B4A-11D0-8D11-00A0C91BC942}") = "6.2", "6.2\6.2.vcxproj", "{A1F7F38C-9F12-484C-BD71-DE8E047B5A61}"
EndProject
Project("{8BC9CEB8-8B4A-11D0-8D11-00A0C91BC942}") = "UnitTest1", "UnitTest1\UnitTest1.vcxproj", "{5D8171D2-F8DA-4A97-9764-7E975933EFAD}"
EndProject
Global
	GlobalSection(SolutionConfigurationPlatforms) = preSolution
		Debug|x64 = Debug|x64
		Debug|x86 = Debug|x86
		Release|x64 = Release|x64
		Release|x86 = Release|x86
	EndGlobalSection
	GlobalSection(ProjectConfigurationPlatforms) = postSolution
		{A1F7F38C-9F12-484C-BD71-DE8E047B5A61}.Debug|x64.ActiveCfg = Debug|x64
		{A1F7F38C-9F12-484C-BD71-DE8E047B5A61}.Debug|x64.Build.0 = Debug|x64
		{A1F7F38C-9F12-484C-BD71-DE8E047B5A61}.Debug|x86.ActiveCfg = Debug|Win32
		{A1F7F38C-9F12-484C-BD71-DE8E047B5A61}.Debug|x86.Build.0 = Debug|Win32
		{A1F7F38C-9F12-484C-BD71-DE8E047B5A61}.Release|x64.ActiveCfg = Release|x64
		{A1F7F38C-9F12-484C-BD71-DE8E047B5A61}.Release|x64.Build.0 = Release|x64
		{A1F7F38C-9F12-484C-BD71-DE8E047B5A61}.Release|x86.ActiveCfg = Release|Win32
		{A1F7F38C-9F12-484C-BD71-DE8E047B5A61}.Release|x86.Build.0 = Release|Win32
		{5D8171D2-F8DA-4A97-9764-7E975933EFAD}.Debug|x64.ActiveCfg = Debug|x64
		{5D8171D2-F8DA-4A97-9764-7E975933EFAD}.Debug|x64.Build.0 = Debug|x64
		{5D8171D2-F8DA-4A97-9764-7E975933EFAD}.Debug|x86.ActiveCfg = Debug|Win32
		{5D8171D2-F8DA-4A97-9764-7E975933EFAD}.Debug|x86.Build.0 = Debug|Win32
		{5D8171D2-F8DA-4A97-9764-7E975933EFAD}.Release|x64.ActiveCfg = Release|x64
		{5D8171D2-F8DA-4A97-9764-7E975933EFAD}.Release|x64.Build.0 = Release|x64
		{5D8171D2-F8DA-4A97-9764-7E975933EFAD}.Release|x86.ActiveCfg = Release|Win32
		{5D8171D2-F8DA-4A97-9764-7E975933EFAD}.Release|x86.Build.0 = Release|Win32
	EndGlobalSection
	GlobalSection(SolutionProperties) = preSolution
		HideSolutionNode = FALSE
	EndGlobalSection
	GlobalSection(ExtensibilityGlobals) = postSolution
		SolutionGuid = {C20A27E3-0E17-4DFE-8BE9-D25617DDA8F8}
	EndGlobalSection
EndGlobal
