
Microsoft Visual Studio Solution File, Format Version 12.00
# Visual Studio Version 17
VisualStudioVersion = 17.3.32819.101
MinimumVisualStudioVersion = 10.0.40219.1
Project("{8BC9CEB8-8B4A-11D0-8D11-00A0C91BC942}") = "6.3 рекурсивно шаблоами", "6.3 рекурсивно шаблоами\6.3 рекурсивно шаблоами.vcxproj", "{97ACD456-5EAF-4E2E-A690-97377FA21644}"
EndProject
Global
	GlobalSection(SolutionConfigurationPlatforms) = preSolution
		Debug|x64 = Debug|x64
		Debug|x86 = Debug|x86
		Release|x64 = Release|x64
		Release|x86 = Release|x86
	EndGlobalSection
	GlobalSection(ProjectConfigurationPlatforms) = postSolution
		{97ACD456-5EAF-4E2E-A690-97377FA21644}.Debug|x64.ActiveCfg = Debug|x64
		{97ACD456-5EAF-4E2E-A690-97377FA21644}.Debug|x64.Build.0 = Debug|x64
		{97ACD456-5EAF-4E2E-A690-97377FA21644}.Debug|x86.ActiveCfg = Debug|Win32
		{97ACD456-5EAF-4E2E-A690-97377FA21644}.Debug|x86.Build.0 = Debug|Win32
		{97ACD456-5EAF-4E2E-A690-97377FA21644}.Release|x64.ActiveCfg = Release|x64
		{97ACD456-5EAF-4E2E-A690-97377FA21644}.Release|x64.Build.0 = Release|x64
		{97ACD456-5EAF-4E2E-A690-97377FA21644}.Release|x86.ActiveCfg = Release|Win32
		{97ACD456-5EAF-4E2E-A690-97377FA21644}.Release|x86.Build.0 = Release|Win32
	EndGlobalSection
	GlobalSection(SolutionProperties) = preSolution
		HideSolutionNode = FALSE
	EndGlobalSection
	GlobalSection(ExtensibilityGlobals) = postSolution
		SolutionGuid = {B48E39EB-5E0A-45BD-869B-5C28BC119653}
	EndGlobalSection
EndGlobal
